
Microsoft Visual Studio Solution File, Format Version 12.00
# Visual Studio Version 16
VisualStudioVersion = 16.0.29911.84
MinimumVisualStudioVersion = 10.0.40219.1
Project("{9A19103F-16F7-4668-BE54-9A1E7A4F7556}") = "Tienda.Ventas.Infraestructura", "Tienda.Ventas.Infraestructura\Tienda.Ventas.Infraestructura.csproj", "{E35C97AE-E458-41CE-BB81-CEF3FEA8D39E}"
EndProject
Project("{9A19103F-16F7-4668-BE54-9A1E7A4F7556}") = "Tienda.Ventas.Applicacion", "Tienda.Ventas.Applicacion\Tienda.Ventas.Applicacion.csproj", "{12219871-AED2-465D-A826-0450DAC05856}"
EndProject
Project("{9A19103F-16F7-4668-BE54-9A1E7A4F7556}") = "Tienda.SharedKernel", "Tienda.SharedKernel\Tienda.SharedKernel.csproj", "{BB04EF95-D41F-4893-8C77-A16498E6CDAD}"
EndProject
Project("{9A19103F-16F7-4668-BE54-9A1E7A4F7556}") = "Tienda.Ventas.Domain", "Tienda.Ventas.Domain\Tienda.Ventas.Domain.csproj", "{CB15954D-47C2-44A9-88A0-B40A47029C46}"
EndProject
Project("{9A19103F-16F7-4668-BE54-9A1E7A4F7556}") = "Tienda.Ventas.WebApp", "Tienda.Ventas.WebApp\Tienda.Ventas.WebApp.csproj", "{29B1DBBB-073E-44B5-9A0F-96EC8400471E}"
EndProject
Global
	GlobalSection(SolutionConfigurationPlatforms) = preSolution
		Debug|Any CPU = Debug|Any CPU
		Release|Any CPU = Release|Any CPU
	EndGlobalSection
	GlobalSection(ProjectConfigurationPlatforms) = postSolution
		{E35C97AE-E458-41CE-BB81-CEF3FEA8D39E}.Debug|Any CPU.ActiveCfg = Debug|Any CPU
		{E35C97AE-E458-41CE-BB81-CEF3FEA8D39E}.Debug|Any CPU.Build.0 = Debug|Any CPU
		{E35C97AE-E458-41CE-BB81-CEF3FEA8D39E}.Release|Any CPU.ActiveCfg = Release|Any CPU
		{E35C97AE-E458-41CE-BB81-CEF3FEA8D39E}.Release|Any CPU.Build.0 = Release|Any CPU
		{12219871-AED2-465D-A826-0450DAC05856}.Debug|Any CPU.ActiveCfg = Debug|Any CPU
		{12219871-AED2-465D-A826-0450DAC05856}.Debug|Any CPU.Build.0 = Debug|Any CPU
		{12219871-AED2-465D-A826-0450DAC05856}.Release|Any CPU.ActiveCfg = Release|Any CPU
		{12219871-AED2-465D-A826-0450DAC05856}.Release|Any CPU.Build.0 = Release|Any CPU
		{BB04EF95-D41F-4893-8C77-A16498E6CDAD}.Debug|Any CPU.ActiveCfg = Debug|Any CPU
		{BB04EF95-D41F-4893-8C77-A16498E6CDAD}.Debug|Any CPU.Build.0 = Debug|Any CPU
		{BB04EF95-D41F-4893-8C77-A16498E6CDAD}.Release|Any CPU.ActiveCfg = Release|Any CPU
		{BB04EF95-D41F-4893-8C77-A16498E6CDAD}.Release|Any CPU.Build.0 = Release|Any CPU
		{CB15954D-47C2-44A9-88A0-B40A47029C46}.Debug|Any CPU.ActiveCfg = Debug|Any CPU
		{CB15954D-47C2-44A9-88A0-B40A47029C46}.Debug|Any CPU.Build.0 = Debug|Any CPU
		{CB15954D-47C2-44A9-88A0-B40A47029C46}.Release|Any CPU.ActiveCfg = Release|Any CPU
		{CB15954D-47C2-44A9-88A0-B40A47029C46}.Release|Any CPU.Build.0 = Release|Any CPU
		{29B1DBBB-073E-44B5-9A0F-96EC8400471E}.Debug|Any CPU.ActiveCfg = Debug|Any CPU
		{29B1DBBB-073E-44B5-9A0F-96EC8400471E}.Debug|Any CPU.Build.0 = Debug|Any CPU
		{29B1DBBB-073E-44B5-9A0F-96EC8400471E}.Release|Any CPU.ActiveCfg = Release|Any CPU
		{29B1DBBB-073E-44B5-9A0F-96EC8400471E}.Release|Any CPU.Build.0 = Release|Any CPU
	EndGlobalSection
	GlobalSection(SolutionProperties) = preSolution
		HideSolutionNode = FALSE
	EndGlobalSection
	GlobalSection(ExtensibilityGlobals) = postSolution
		SolutionGuid = {FC08A8BC-C8EF-4846-AEE1-C972A7D7809A}
	EndGlobalSection
EndGlobal
